
Microsoft Visual Studio Solution File, Format Version 12.00
# Visual Studio 2013
VisualStudioVersion = 12.0.21005.1
MinimumVisualStudioVersion = 10.0.40219.1
Project("{FAE04EC0-301F-11D3-BF4B-00C04F79EFBC}") = "WebApplication1", "WebApplication1\WebApplication1.csproj", "{C6489BF6-8687-40FE-AAF6-FD923BC0FCB2}"
EndProject
Project("{FAE04EC0-301F-11D3-BF4B-00C04F79EFBC}") = "Choi.Tests", "WebApplication1\Choi.Tests\Choi.Tests.csproj", "{2B2D7BB0-9965-4747-A25E-4E8EA4025E6F}"
EndProject
Global
	GlobalSection(SolutionConfigurationPlatforms) = preSolution
		Debug|Any CPU = Debug|Any CPU
		Release|Any CPU = Release|Any CPU
	EndGlobalSection
	GlobalSection(ProjectConfigurationPlatforms) = postSolution
		{C6489BF6-8687-40FE-AAF6-FD923BC0FCB2}.Debug|Any CPU.ActiveCfg = Debug|Any CPU
		{C6489BF6-8687-40FE-AAF6-FD923BC0FCB2}.Debug|Any CPU.Build.0 = Debug|Any CPU
		{C6489BF6-8687-40FE-AAF6-FD923BC0FCB2}.Release|Any CPU.ActiveCfg = Release|Any CPU
		{C6489BF6-8687-40FE-AAF6-FD923BC0FCB2}.Release|Any CPU.Build.0 = Release|Any CPU
		{2B2D7BB0-9965-4747-A25E-4E8EA4025E6F}.Debug|Any CPU.ActiveCfg = Debug|Any CPU
		{2B2D7BB0-9965-4747-A25E-4E8EA4025E6F}.Debug|Any CPU.Build.0 = Debug|Any CPU
		{2B2D7BB0-9965-4747-A25E-4E8EA4025E6F}.Release|Any CPU.ActiveCfg = Release|Any CPU
		{2B2D7BB0-9965-4747-A25E-4E8EA4025E6F}.Release|Any CPU.Build.0 = Release|Any CPU
	EndGlobalSection
	GlobalSection(SolutionProperties) = preSolution
		HideSolutionNode = FALSE
	EndGlobalSection
EndGlobal
